
Microsoft Visual Studio Solution File, Format Version 12.00
# Visual Studio 14
VisualStudioVersion = 14.0.25420.1
MinimumVisualStudioVersion = 10.0.40219.1
Project("{FAE04EC0-301F-11D3-BF4B-00C04F79EFBC}") = "XamarinDistributeSample", "XamarinDistributeSample\XamarinDistributeSample\XamarinDistributeSample.csproj", "{73AF8CD2-A59B-4F51-8CD9-31C2D774E2B7}"
EndProject
Project("{FAE04EC0-301F-11D3-BF4B-00C04F79EFBC}") = "XamarinDistributeSample.Droid", "XamarinDistributeSample\XamarinDistributeSample.Droid\XamarinDistributeSample.Droid.csproj", "{47A92B03-8D7A-4E0F-8A47-CE95053D6F23}"
EndProject
Project("{FAE04EC0-301F-11D3-BF4B-00C04F79EFBC}") = "XamarinDistributeSample.iOS", "XamarinDistributeSample\XamarinDistributeSample.iOS\XamarinDistributeSample.iOS.csproj", "{F43D94D8-FA56-4D85-BA4C-68CA83143DC4}"
EndProject
Project("{FAE04EC0-301F-11D3-BF4B-00C04F79EFBC}") = "XamarinDistributeSample.UWP", "XamarinDistributeSample\XamarinDistributeSample.UWP\XamarinDistributeSample.UWP.csproj", "{F49FB246-4F12-4393-AD47-629855425311}"
EndProject
Global
	GlobalSection(SolutionConfigurationPlatforms) = preSolution
		Ad-Hoc|Any CPU = Ad-Hoc|Any CPU
		Ad-Hoc|ARM = Ad-Hoc|ARM
		Ad-Hoc|iPhone = Ad-Hoc|iPhone
		Ad-Hoc|iPhoneSimulator = Ad-Hoc|iPhoneSimulator
		Ad-Hoc|x64 = Ad-Hoc|x64
		Ad-Hoc|x86 = Ad-Hoc|x86
		AppStore|Any CPU = AppStore|Any CPU
		AppStore|ARM = AppStore|ARM
		AppStore|iPhone = AppStore|iPhone
		AppStore|iPhoneSimulator = AppStore|iPhoneSimulator
		AppStore|x64 = AppStore|x64
		AppStore|x86 = AppStore|x86
		Debug|Any CPU = Debug|Any CPU
		Debug|ARM = Debug|ARM
		Debug|iPhone = Debug|iPhone
		Debug|iPhoneSimulator = Debug|iPhoneSimulator
		Debug|x64 = Debug|x64
		Debug|x86 = Debug|x86
		Dist-Android|Any CPU = Dist-Android|Any CPU
		Dist-iOS|iPhone = Dist-iOS|iPhone
		Dist-iOS|iPhoneSimulator = Dist-iOS|iPhoneSimulator
		Dist-UWP|x86 = Dist-UWP|x86
		Release|Any CPU = Release|Any CPU
		Release|ARM = Release|ARM
		Release|iPhone = Release|iPhone
		Release|iPhoneSimulator = Release|iPhoneSimulator
		Release|x64 = Release|x64
		Release|x86 = Release|x86
	EndGlobalSection
	GlobalSection(ProjectConfigurationPlatforms) = postSolution
		{73AF8CD2-A59B-4F51-8CD9-31C2D774E2B7}.Ad-Hoc|Any CPU.ActiveCfg = Release|Any CPU
		{73AF8CD2-A59B-4F51-8CD9-31C2D774E2B7}.Ad-Hoc|Any CPU.Build.0 = Release|Any CPU
		{73AF8CD2-A59B-4F51-8CD9-31C2D774E2B7}.Ad-Hoc|ARM.ActiveCfg = Release|Any CPU
		{73AF8CD2-A59B-4F51-8CD9-31C2D774E2B7}.Ad-Hoc|ARM.Build.0 = Release|Any CPU
		{73AF8CD2-A59B-4F51-8CD9-31C2D774E2B7}.Ad-Hoc|iPhone.ActiveCfg = Release|Any CPU
		{73AF8CD2-A59B-4F51-8CD9-31C2D774E2B7}.Ad-Hoc|iPhone.Build.0 = Release|Any CPU
		{73AF8CD2-A59B-4F51-8CD9-31C2D774E2B7}.Ad-Hoc|iPhoneSimulator.ActiveCfg = Release|Any CPU
		{73AF8CD2-A59B-4F51-8CD9-31C2D774E2B7}.Ad-Hoc|iPhoneSimulator.Build.0 = Release|Any CPU
		{73AF8CD2-A59B-4F51-8CD9-31C2D774E2B7}.Ad-Hoc|x64.ActiveCfg = Release|Any CPU
		{73AF8CD2-A59B-4F51-8CD9-31C2D774E2B7}.Ad-Hoc|x64.Build.0 = Release|Any CPU
		{73AF8CD2-A59B-4F51-8CD9-31C2D774E2B7}.Ad-Hoc|x86.ActiveCfg = Release|Any CPU
		{73AF8CD2-A59B-4F51-8CD9-31C2D774E2B7}.Ad-Hoc|x86.Build.0 = Release|Any CPU
		{73AF8CD2-A59B-4F51-8CD9-31C2D774E2B7}.AppStore|Any CPU.ActiveCfg = Release|Any CPU
		{73AF8CD2-A59B-4F51-8CD9-31C2D774E2B7}.AppStore|Any CPU.Build.0 = Release|Any CPU
		{73AF8CD2-A59B-4F51-8CD9-31C2D774E2B7}.AppStore|ARM.ActiveCfg = Release|Any CPU
		{73AF8CD2-A59B-4F51-8CD9-31C2D774E2B7}.AppStore|ARM.Build.0 = Release|Any CPU
		{73AF8CD2-A59B-4F51-8CD9-31C2D774E2B7}.AppStore|iPhone.ActiveCfg = Release|Any CPU
		{73AF8CD2-A59B-4F51-8CD9-31C2D774E2B7}.AppStore|iPhone.Build.0 = Release|Any CPU
		{73AF8CD2-A59B-4F51-8CD9-31C2D774E2B7}.AppStore|iPhoneSimulator.ActiveCfg = Release|Any CPU
		{73AF8CD2-A59B-4F51-8CD9-31C2D774E2B7}.AppStore|iPhoneSimulator.Build.0 = Release|Any CPU
		{73AF8CD2-A59B-4F51-8CD9-31C2D774E2B7}.AppStore|x64.ActiveCfg = Release|Any CPU
		{73AF8CD2-A59B-4F51-8CD9-31C2D774E2B7}.AppStore|x64.Build.0 = Release|Any CPU
		{73AF8CD2-A59B-4F51-8CD9-31C2D774E2B7}.AppStore|x86.ActiveCfg = Release|Any CPU
		{73AF8CD2-A59B-4F51-8CD9-31C2D774E2B7}.AppStore|x86.Build.0 = Release|Any CPU
		{73AF8CD2-A59B-4F51-8CD9-31C2D774E2B7}.Debug|Any CPU.ActiveCfg = Debug|Any CPU
		{73AF8CD2-A59B-4F51-8CD9-31C2D774E2B7}.Debug|Any CPU.Build.0 = Debug|Any CPU
		{73AF8CD2-A59B-4F51-8CD9-31C2D774E2B7}.Debug|ARM.ActiveCfg = Debug|Any CPU
		{73AF8CD2-A59B-4F51-8CD9-31C2D774E2B7}.Debug|ARM.Build.0 = Debug|Any CPU
		{73AF8CD2-A59B-4F51-8CD9-31C2D774E2B7}.Debug|iPhone.ActiveCfg = Debug|Any CPU
		{73AF8CD2-A59B-4F51-8CD9-31C2D774E2B7}.Debug|iPhone.Build.0 = Debug|Any CPU
		{73AF8CD2-A59B-4F51-8CD9-31C2D774E2B7}.Debug|iPhoneSimulator.ActiveCfg = Debug|Any CPU
		{73AF8CD2-A59B-4F51-8CD9-31C2D774E2B7}.Debug|iPhoneSimulator.Build.0 = Debug|Any CPU
		{73AF8CD2-A59B-4F51-8CD9-31C2D774E2B7}.Debug|x64.ActiveCfg = Debug|Any CPU
		{73AF8CD2-A59B-4F51-8CD9-31C2D774E2B7}.Debug|x64.Build.0 = Debug|Any CPU
		{73AF8CD2-A59B-4F51-8CD9-31C2D774E2B7}.Debug|x86.ActiveCfg = Debug|Any CPU
		{73AF8CD2-A59B-4F51-8CD9-31C2D774E2B7}.Debug|x86.Build.0 = Debug|Any CPU
		{73AF8CD2-A59B-4F51-8CD9-31C2D774E2B7}.Dist-Android|Any CPU.ActiveCfg = Dist-Android|Any CPU
		{73AF8CD2-A59B-4F51-8CD9-31C2D774E2B7}.Dist-Android|Any CPU.Build.0 = Dist-Android|Any CPU
		{73AF8CD2-A59B-4F51-8CD9-31C2D774E2B7}.Dist-Android|ARM.ActiveCfg = Dist-Android|Any CPU
		{73AF8CD2-A59B-4F51-8CD9-31C2D774E2B7}.Dist-Android|ARM.Build.0 = Dist-Android|Any CPU
		{73AF8CD2-A59B-4F51-8CD9-31C2D774E2B7}.Dist-Android|iPhone.ActiveCfg = Dist-Android|Any CPU
		{73AF8CD2-A59B-4F51-8CD9-31C2D774E2B7}.Dist-Android|iPhone.Build.0 = Dist-Android|Any CPU
		{73AF8CD2-A59B-4F51-8CD9-31C2D774E2B7}.Dist-Android|iPhoneSimulator.ActiveCfg = Dist-Android|Any CPU
		{73AF8CD2-A59B-4F51-8CD9-31C2D774E2B7}.Dist-Android|iPhoneSimulator.Build.0 = Dist-Android|Any CPU
		{73AF8CD2-A59B-4F51-8CD9-31C2D774E2B7}.Dist-Android|x64.ActiveCfg = Dist-Android|Any CPU
		{73AF8CD2-A59B-4F51-8CD9-31C2D774E2B7}.Dist-Android|x64.Build.0 = Dist-Android|Any CPU
		{73AF8CD2-A59B-4F51-8CD9-31C2D774E2B7}.Dist-Android|x86.ActiveCfg = Dist-Android|Any CPU
		{73AF8CD2-A59B-4F51-8CD9-31C2D774E2B7}.Dist-Android|x86.Build.0 = Dist-Android|Any CPU
		{73AF8CD2-A59B-4F51-8CD9-31C2D774E2B7}.Dist-iOS|Any CPU.ActiveCfg = Dist-iOS|Any CPU
		{73AF8CD2-A59B-4F51-8CD9-31C2D774E2B7}.Dist-iOS|Any CPU.Build.0 = Dist-iOS|Any CPU
		{73AF8CD2-A59B-4F51-8CD9-31C2D774E2B7}.Dist-iOS|ARM.ActiveCfg = Dist-iOS|Any CPU
		{73AF8CD2-A59B-4F51-8CD9-31C2D774E2B7}.Dist-iOS|ARM.Build.0 = Dist-iOS|Any CPU
		{73AF8CD2-A59B-4F51-8CD9-31C2D774E2B7}.Dist-iOS|iPhone.ActiveCfg = Dist-iOS|Any CPU
		{73AF8CD2-A59B-4F51-8CD9-31C2D774E2B7}.Dist-iOS|iPhone.Build.0 = Dist-iOS|Any CPU
		{73AF8CD2-A59B-4F51-8CD9-31C2D774E2B7}.Dist-iOS|iPhoneSimulator.ActiveCfg = Dist-iOS|Any CPU
		{73AF8CD2-A59B-4F51-8CD9-31C2D774E2B7}.Dist-iOS|iPhoneSimulator.Build.0 = Dist-iOS|Any CPU
		{73AF8CD2-A59B-4F51-8CD9-31C2D774E2B7}.Dist-iOS|x64.ActiveCfg = Dist-iOS|Any CPU
		{73AF8CD2-A59B-4F51-8CD9-31C2D774E2B7}.Dist-iOS|x64.Build.0 = Dist-iOS|Any CPU
		{73AF8CD2-A59B-4F51-8CD9-31C2D774E2B7}.Dist-iOS|x86.ActiveCfg = Dist-iOS|Any CPU
		{73AF8CD2-A59B-4F51-8CD9-31C2D774E2B7}.Dist-iOS|x86.Build.0 = Dist-iOS|Any CPU
		{73AF8CD2-A59B-4F51-8CD9-31C2D774E2B7}.Dist-UWP|Any CPU.ActiveCfg = Dist-UWP|Any CPU
		{73AF8CD2-A59B-4F51-8CD9-31C2D774E2B7}.Dist-UWP|Any CPU.Build.0 = Dist-UWP|Any CPU
		{73AF8CD2-A59B-4F51-8CD9-31C2D774E2B7}.Dist-UWP|ARM.ActiveCfg = Dist-UWP|Any CPU
		{73AF8CD2-A59B-4F51-8CD9-31C2D774E2B7}.Dist-UWP|ARM.Build.0 = Dist-UWP|Any CPU
		{73AF8CD2-A59B-4F51-8CD9-31C2D774E2B7}.Dist-UWP|iPhone.ActiveCfg = Dist-UWP|Any CPU
		{73AF8CD2-A59B-4F51-8CD9-31C2D774E2B7}.Dist-UWP|iPhone.Build.0 = Dist-UWP|Any CPU
		{73AF8CD2-A59B-4F51-8CD9-31C2D774E2B7}.Dist-UWP|iPhoneSimulator.ActiveCfg = Dist-UWP|Any CPU
		{73AF8CD2-A59B-4F51-8CD9-31C2D774E2B7}.Dist-UWP|iPhoneSimulator.Build.0 = Dist-UWP|Any CPU
		{73AF8CD2-A59B-4F51-8CD9-31C2D774E2B7}.Dist-UWP|x64.ActiveCfg = Dist-UWP|Any CPU
		{73AF8CD2-A59B-4F51-8CD9-31C2D774E2B7}.Dist-UWP|x64.Build.0 = Dist-UWP|Any CPU
		{73AF8CD2-A59B-4F51-8CD9-31C2D774E2B7}.Dist-UWP|x86.ActiveCfg = Dist-UWP|Any CPU
		{73AF8CD2-A59B-4F51-8CD9-31C2D774E2B7}.Dist-UWP|x86.Build.0 = Dist-UWP|Any CPU
		{73AF8CD2-A59B-4F51-8CD9-31C2D774E2B7}.Release|Any CPU.ActiveCfg = Release|Any CPU
		{73AF8CD2-A59B-4F51-8CD9-31C2D774E2B7}.Release|Any CPU.Build.0 = Release|Any CPU
		{73AF8CD2-A59B-4F51-8CD9-31C2D774E2B7}.Release|ARM.ActiveCfg = Release|Any CPU
		{73AF8CD2-A59B-4F51-8CD9-31C2D774E2B7}.Release|ARM.Build.0 = Release|Any CPU
		{73AF8CD2-A59B-4F51-8CD9-31C2D774E2B7}.Release|iPhone.ActiveCfg = Release|Any CPU
		{73AF8CD2-A59B-4F51-8CD9-31C2D774E2B7}.Release|iPhone.Build.0 = Release|Any CPU
		{73AF8CD2-A59B-4F51-8CD9-31C2D774E2B7}.Release|iPhoneSimulator.ActiveCfg = Release|Any CPU
		{73AF8CD2-A59B-4F51-8CD9-31C2D774E2B7}.Release|iPhoneSimulator.Build.0 = Release|Any CPU
		{73AF8CD2-A59B-4F51-8CD9-31C2D774E2B7}.Release|x64.ActiveCfg = Release|Any CPU
		{73AF8CD2-A59B-4F51-8CD9-31C2D774E2B7}.Release|x64.Build.0 = Release|Any CPU
		{73AF8CD2-A59B-4F51-8CD9-31C2D774E2B7}.Release|x86.ActiveCfg = Release|Any CPU
		{73AF8CD2-A59B-4F51-8CD9-31C2D774E2B7}.Release|x86.Build.0 = Release|Any CPU
		{47A92B03-8D7A-4E0F-8A47-CE95053D6F23}.Ad-Hoc|Any CPU.ActiveCfg = Release|Any CPU
		{47A92B03-8D7A-4E0F-8A47-CE95053D6F23}.Ad-Hoc|Any CPU.Build.0 = Release|Any CPU
		{47A92B03-8D7A-4E0F-8A47-CE95053D6F23}.Ad-Hoc|Any CPU.Deploy.0 = Release|Any CPU
		{47A92B03-8D7A-4E0F-8A47-CE95053D6F23}.Ad-Hoc|ARM.ActiveCfg = Release|Any CPU
		{47A92B03-8D7A-4E0F-8A47-CE95053D6F23}.Ad-Hoc|ARM.Build.0 = Release|Any CPU
		{47A92B03-8D7A-4E0F-8A47-CE95053D6F23}.Ad-Hoc|ARM.Deploy.0 = Release|Any CPU
		{47A92B03-8D7A-4E0F-8A47-CE95053D6F23}.Ad-Hoc|iPhone.ActiveCfg = Release|Any CPU
		{47A92B03-8D7A-4E0F-8A47-CE95053D6F23}.Ad-Hoc|iPhone.Build.0 = Release|Any CPU
		{47A92B03-8D7A-4E0F-8A47-CE95053D6F23}.Ad-Hoc|iPhone.Deploy.0 = Release|Any CPU
		{47A92B03-8D7A-4E0F-8A47-CE95053D6F23}.Ad-Hoc|iPhoneSimulator.ActiveCfg = Release|Any CPU
		{47A92B03-8D7A-4E0F-8A47-CE95053D6F23}.Ad-Hoc|iPhoneSimulator.Build.0 = Release|Any CPU
		{47A92B03-8D7A-4E0F-8A47-CE95053D6F23}.Ad-Hoc|iPhoneSimulator.Deploy.0 = Release|Any CPU
		{47A92B03-8D7A-4E0F-8A47-CE95053D6F23}.Ad-Hoc|x64.ActiveCfg = Release|Any CPU
		{47A92B03-8D7A-4E0F-8A47-CE95053D6F23}.Ad-Hoc|x64.Build.0 = Release|Any CPU
		{47A92B03-8D7A-4E0F-8A47-CE95053D6F23}.Ad-Hoc|x64.Deploy.0 = Release|Any CPU
		{47A92B03-8D7A-4E0F-8A47-CE95053D6F23}.Ad-Hoc|x86.ActiveCfg = Release|Any CPU
		{47A92B03-8D7A-4E0F-8A47-CE95053D6F23}.Ad-Hoc|x86.Build.0 = Release|Any CPU
		{47A92B03-8D7A-4E0F-8A47-CE95053D6F23}.Ad-Hoc|x86.Deploy.0 = Release|Any CPU
		{47A92B03-8D7A-4E0F-8A47-CE95053D6F23}.AppStore|Any CPU.ActiveCfg = Release|Any CPU
		{47A92B03-8D7A-4E0F-8A47-CE95053D6F23}.AppStore|Any CPU.Build.0 = Release|Any CPU
		{47A92B03-8D7A-4E0F-8A47-CE95053D6F23}.AppStore|Any CPU.Deploy.0 = Release|Any CPU
		{47A92B03-8D7A-4E0F-8A47-CE95053D6F23}.AppStore|ARM.ActiveCfg = Release|Any CPU
		{47A92B03-8D7A-4E0F-8A47-CE95053D6F23}.AppStore|ARM.Build.0 = Release|Any CPU
		{47A92B03-8D7A-4E0F-8A47-CE95053D6F23}.AppStore|ARM.Deploy.0 = Release|Any CPU
		{47A92B03-8D7A-4E0F-8A47-CE95053D6F23}.AppStore|iPhone.ActiveCfg = Release|Any CPU
		{47A92B03-8D7A-4E0F-8A47-CE95053D6F23}.AppStore|iPhone.Build.0 = Release|Any CPU
		{47A92B03-8D7A-4E0F-8A47-CE95053D6F23}.AppStore|iPhone.Deploy.0 = Release|Any CPU
		{47A92B03-8D7A-4E0F-8A47-CE95053D6F23}.AppStore|iPhoneSimulator.ActiveCfg = Release|Any CPU
		{47A92B03-8D7A-4E0F-8A47-CE95053D6F23}.AppStore|iPhoneSimulator.Build.0 = Release|Any CPU
		{47A92B03-8D7A-4E0F-8A47-CE95053D6F23}.AppStore|iPhoneSimulator.Deploy.0 = Release|Any CPU
		{47A92B03-8D7A-4E0F-8A47-CE95053D6F23}.AppStore|x64.ActiveCfg = Release|Any CPU
		{47A92B03-8D7A-4E0F-8A47-CE95053D6F23}.AppStore|x64.Build.0 = Release|Any CPU
		{47A92B03-8D7A-4E0F-8A47-CE95053D6F23}.AppStore|x64.Deploy.0 = Release|Any CPU
		{47A92B03-8D7A-4E0F-8A47-CE95053D6F23}.AppStore|x86.ActiveCfg = Release|Any CPU
		{47A92B03-8D7A-4E0F-8A47-CE95053D6F23}.AppStore|x86.Build.0 = Release|Any CPU
		{47A92B03-8D7A-4E0F-8A47-CE95053D6F23}.AppStore|x86.Deploy.0 = Release|Any CPU
		{47A92B03-8D7A-4E0F-8A47-CE95053D6F23}.Debug|Any CPU.ActiveCfg = Debug|Any CPU
		{47A92B03-8D7A-4E0F-8A47-CE95053D6F23}.Debug|Any CPU.Build.0 = Debug|Any CPU
		{47A92B03-8D7A-4E0F-8A47-CE95053D6F23}.Debug|Any CPU.Deploy.0 = Debug|Any CPU
		{47A92B03-8D7A-4E0F-8A47-CE95053D6F23}.Debug|ARM.ActiveCfg = Debug|Any CPU
		{47A92B03-8D7A-4E0F-8A47-CE95053D6F23}.Debug|ARM.Build.0 = Debug|Any CPU
		{47A92B03-8D7A-4E0F-8A47-CE95053D6F23}.Debug|ARM.Deploy.0 = Debug|Any CPU
		{47A92B03-8D7A-4E0F-8A47-CE95053D6F23}.Debug|iPhone.ActiveCfg = Debug|Any CPU
		{47A92B03-8D7A-4E0F-8A47-CE95053D6F23}.Debug|iPhone.Build.0 = Debug|Any CPU
		{47A92B03-8D7A-4E0F-8A47-CE95053D6F23}.Debug|iPhone.Deploy.0 = Debug|Any CPU
		{47A92B03-8D7A-4E0F-8A47-CE95053D6F23}.Debug|iPhoneSimulator.ActiveCfg = Debug|Any CPU
		{47A92B03-8D7A-4E0F-8A47-CE95053D6F23}.Debug|iPhoneSimulator.Build.0 = Debug|Any CPU
		{47A92B03-8D7A-4E0F-8A47-CE95053D6F23}.Debug|iPhoneSimulator.Deploy.0 = Debug|Any CPU
		{47A92B03-8D7A-4E0F-8A47-CE95053D6F23}.Debug|x64.ActiveCfg = Debug|Any CPU
		{47A92B03-8D7A-4E0F-8A47-CE95053D6F23}.Debug|x64.Build.0 = Debug|Any CPU
		{47A92B03-8D7A-4E0F-8A47-CE95053D6F23}.Debug|x64.Deploy.0 = Debug|Any CPU
		{47A92B03-8D7A-4E0F-8A47-CE95053D6F23}.Debug|x86.ActiveCfg = Debug|Any CPU
		{47A92B03-8D7A-4E0F-8A47-CE95053D6F23}.Debug|x86.Build.0 = Debug|Any CPU
		{47A92B03-8D7A-4E0F-8A47-CE95053D6F23}.Debug|x86.Deploy.0 = Debug|Any CPU
		{47A92B03-8D7A-4E0F-8A47-CE95053D6F23}.Dist-Android|Any CPU.ActiveCfg = Dist-Android|Any CPU
		{47A92B03-8D7A-4E0F-8A47-CE95053D6F23}.Dist-Android|Any CPU.Build.0 = Dist-Android|Any CPU
		{47A92B03-8D7A-4E0F-8A47-CE95053D6F23}.Dist-Android|Any CPU.Deploy.0 = Dist-Android|Any CPU
		{47A92B03-8D7A-4E0F-8A47-CE95053D6F23}.Dist-Android|ARM.ActiveCfg = Dist-Android|Any CPU
		{47A92B03-8D7A-4E0F-8A47-CE95053D6F23}.Dist-Android|ARM.Build.0 = Dist-Android|Any CPU
		{47A92B03-8D7A-4E0F-8A47-CE95053D6F23}.Dist-Android|ARM.Deploy.0 = Dist-Android|Any CPU
		{47A92B03-8D7A-4E0F-8A47-CE95053D6F23}.Dist-Android|iPhone.ActiveCfg = Dist-Android|Any CPU
		{47A92B03-8D7A-4E0F-8A47-CE95053D6F23}.Dist-Android|iPhone.Build.0 = Dist-Android|Any CPU
		{47A92B03-8D7A-4E0F-8A47-CE95053D6F23}.Dist-Android|iPhone.Deploy.0 = Dist-Android|Any CPU
		{47A92B03-8D7A-4E0F-8A47-CE95053D6F23}.Dist-Android|iPhoneSimulator.ActiveCfg = Dist-Android|Any CPU
		{47A92B03-8D7A-4E0F-8A47-CE95053D6F23}.Dist-Android|iPhoneSimulator.Build.0 = Dist-Android|Any CPU
		{47A92B03-8D7A-4E0F-8A47-CE95053D6F23}.Dist-Android|iPhoneSimulator.Deploy.0 = Dist-Android|Any CPU
		{47A92B03-8D7A-4E0F-8A47-CE95053D6F23}.Dist-Android|x64.ActiveCfg = Dist-Android|Any CPU
		{47A92B03-8D7A-4E0F-8A47-CE95053D6F23}.Dist-Android|x64.Build.0 = Dist-Android|Any CPU
		{47A92B03-8D7A-4E0F-8A47-CE95053D6F23}.Dist-Android|x64.Deploy.0 = Dist-Android|Any CPU
		{47A92B03-8D7A-4E0F-8A47-CE95053D6F23}.Dist-Android|x86.ActiveCfg = Dist-Android|Any CPU
		{47A92B03-8D7A-4E0F-8A47-CE95053D6F23}.Dist-Android|x86.Build.0 = Dist-Android|Any CPU
		{47A92B03-8D7A-4E0F-8A47-CE95053D6F23}.Dist-Android|x86.Deploy.0 = Dist-Android|Any CPU
		{47A92B03-8D7A-4E0F-8A47-CE95053D6F23}.Dist-iOS|Any CPU.ActiveCfg = Dist-iOS|Any CPU
		{47A92B03-8D7A-4E0F-8A47-CE95053D6F23}.Dist-iOS|Any CPU.Build.0 = Dist-iOS|Any CPU
		{47A92B03-8D7A-4E0F-8A47-CE95053D6F23}.Dist-iOS|Any CPU.Deploy.0 = Dist-iOS|Any CPU
		{47A92B03-8D7A-4E0F-8A47-CE95053D6F23}.Dist-iOS|ARM.ActiveCfg = Dist-iOS|Any CPU
		{47A92B03-8D7A-4E0F-8A47-CE95053D6F23}.Dist-iOS|ARM.Build.0 = Dist-iOS|Any CPU
		{47A92B03-8D7A-4E0F-8A47-CE95053D6F23}.Dist-iOS|ARM.Deploy.0 = Dist-iOS|Any CPU
		{47A92B03-8D7A-4E0F-8A47-CE95053D6F23}.Dist-iOS|iPhone.ActiveCfg = Dist-iOS|Any CPU
		{47A92B03-8D7A-4E0F-8A47-CE95053D6F23}.Dist-iOS|iPhoneSimulator.ActiveCfg = Dist-iOS|Any CPU
		{47A92B03-8D7A-4E0F-8A47-CE95053D6F23}.Dist-iOS|x64.ActiveCfg = Dist-iOS|Any CPU
		{47A92B03-8D7A-4E0F-8A47-CE95053D6F23}.Dist-iOS|x64.Build.0 = Dist-iOS|Any CPU
		{47A92B03-8D7A-4E0F-8A47-CE95053D6F23}.Dist-iOS|x64.Deploy.0 = Dist-iOS|Any CPU
		{47A92B03-8D7A-4E0F-8A47-CE95053D6F23}.Dist-iOS|x86.ActiveCfg = Dist-iOS|Any CPU
		{47A92B03-8D7A-4E0F-8A47-CE95053D6F23}.Dist-iOS|x86.Build.0 = Dist-iOS|Any CPU
		{47A92B03-8D7A-4E0F-8A47-CE95053D6F23}.Dist-iOS|x86.Deploy.0 = Dist-iOS|Any CPU
		{47A92B03-8D7A-4E0F-8A47-CE95053D6F23}.Dist-UWP|Any CPU.ActiveCfg = Dist-UWP|Any CPU
		{47A92B03-8D7A-4E0F-8A47-CE95053D6F23}.Dist-UWP|ARM.ActiveCfg = Dist-UWP|Any CPU
		{47A92B03-8D7A-4E0F-8A47-CE95053D6F23}.Dist-UWP|ARM.Build.0 = Dist-UWP|Any CPU
		{47A92B03-8D7A-4E0F-8A47-CE95053D6F23}.Dist-UWP|ARM.Deploy.0 = Dist-UWP|Any CPU
		{47A92B03-8D7A-4E0F-8A47-CE95053D6F23}.Dist-UWP|iPhone.ActiveCfg = Dist-UWP|Any CPU
		{47A92B03-8D7A-4E0F-8A47-CE95053D6F23}.Dist-UWP|iPhone.Build.0 = Dist-UWP|Any CPU
		{47A92B03-8D7A-4E0F-8A47-CE95053D6F23}.Dist-UWP|iPhone.Deploy.0 = Dist-UWP|Any CPU
		{47A92B03-8D7A-4E0F-8A47-CE95053D6F23}.Dist-UWP|iPhoneSimulator.ActiveCfg = Dist-UWP|Any CPU
		{47A92B03-8D7A-4E0F-8A47-CE95053D6F23}.Dist-UWP|iPhoneSimulator.Build.0 = Dist-UWP|Any CPU
		{47A92B03-8D7A-4E0F-8A47-CE95053D6F23}.Dist-UWP|iPhoneSimulator.Deploy.0 = Dist-UWP|Any CPU
		{47A92B03-8D7A-4E0F-8A47-CE95053D6F23}.Dist-UWP|x64.ActiveCfg = Dist-UWP|Any CPU
		{47A92B03-8D7A-4E0F-8A47-CE95053D6F23}.Dist-UWP|x64.Build.0 = Dist-UWP|Any CPU
		{47A92B03-8D7A-4E0F-8A47-CE95053D6F23}.Dist-UWP|x64.Deploy.0 = Dist-UWP|Any CPU
		{47A92B03-8D7A-4E0F-8A47-CE95053D6F23}.Dist-UWP|x86.ActiveCfg = Dist-UWP|Any CPU
		{47A92B03-8D7A-4E0F-8A47-CE95053D6F23}.Release|Any CPU.ActiveCfg = Release|Any CPU
		{47A92B03-8D7A-4E0F-8A47-CE95053D6F23}.Release|Any CPU.Build.0 = Release|Any CPU
		{47A92B03-8D7A-4E0F-8A47-CE95053D6F23}.Release|Any CPU.Deploy.0 = Release|Any CPU
		{47A92B03-8D7A-4E0F-8A47-CE95053D6F23}.Release|ARM.ActiveCfg = Release|Any CPU
		{47A92B03-8D7A-4E0F-8A47-CE95053D6F23}.Release|ARM.Build.0 = Release|Any CPU
		{47A92B03-8D7A-4E0F-8A47-CE95053D6F23}.Release|ARM.Deploy.0 = Release|Any CPU
		{47A92B03-8D7A-4E0F-8A47-CE95053D6F23}.Release|iPhone.ActiveCfg = Release|Any CPU
		{47A92B03-8D7A-4E0F-8A47-CE95053D6F23}.Release|iPhone.Build.0 = Release|Any CPU
		{47A92B03-8D7A-4E0F-8A47-CE95053D6F23}.Release|iPhone.Deploy.0 = Release|Any CPU
		{47A92B03-8D7A-4E0F-8A47-CE95053D6F23}.Release|iPhoneSimulator.ActiveCfg = Release|Any CPU
		{47A92B03-8D7A-4E0F-8A47-CE95053D6F23}.Release|iPhoneSimulator.Build.0 = Release|Any CPU
		{47A92B03-8D7A-4E0F-8A47-CE95053D6F23}.Release|iPhoneSimulator.Deploy.0 = Release|Any CPU
		{47A92B03-8D7A-4E0F-8A47-CE95053D6F23}.Release|x64.ActiveCfg = Release|Any CPU
		{47A92B03-8D7A-4E0F-8A47-CE95053D6F23}.Release|x64.Build.0 = Release|Any CPU
		{47A92B03-8D7A-4E0F-8A47-CE95053D6F23}.Release|x64.Deploy.0 = Release|Any CPU
		{47A92B03-8D7A-4E0F-8A47-CE95053D6F23}.Release|x86.ActiveCfg = Release|Any CPU
		{47A92B03-8D7A-4E0F-8A47-CE95053D6F23}.Release|x86.Build.0 = Release|Any CPU
		{47A92B03-8D7A-4E0F-8A47-CE95053D6F23}.Release|x86.Deploy.0 = Release|Any CPU
		{F43D94D8-FA56-4D85-BA4C-68CA83143DC4}.Ad-Hoc|Any CPU.ActiveCfg = Ad-Hoc|iPhone
		{F43D94D8-FA56-4D85-BA4C-68CA83143DC4}.Ad-Hoc|ARM.ActiveCfg = Ad-Hoc|iPhone
		{F43D94D8-FA56-4D85-BA4C-68CA83143DC4}.Ad-Hoc|iPhone.ActiveCfg = Ad-Hoc|iPhone
		{F43D94D8-FA56-4D85-BA4C-68CA83143DC4}.Ad-Hoc|iPhone.Build.0 = Ad-Hoc|iPhone
		{F43D94D8-FA56-4D85-BA4C-68CA83143DC4}.Ad-Hoc|iPhoneSimulator.ActiveCfg = Ad-Hoc|iPhoneSimulator
		{F43D94D8-FA56-4D85-BA4C-68CA83143DC4}.Ad-Hoc|iPhoneSimulator.Build.0 = Ad-Hoc|iPhoneSimulator
		{F43D94D8-FA56-4D85-BA4C-68CA83143DC4}.Ad-Hoc|x64.ActiveCfg = Ad-Hoc|iPhone
		{F43D94D8-FA56-4D85-BA4C-68CA83143DC4}.Ad-Hoc|x86.ActiveCfg = Ad-Hoc|iPhone
		{F43D94D8-FA56-4D85-BA4C-68CA83143DC4}.AppStore|Any CPU.ActiveCfg = AppStore|iPhone
		{F43D94D8-FA56-4D85-BA4C-68CA83143DC4}.AppStore|ARM.ActiveCfg = AppStore|iPhone
		{F43D94D8-FA56-4D85-BA4C-68CA83143DC4}.AppStore|iPhone.ActiveCfg = AppStore|iPhone
		{F43D94D8-FA56-4D85-BA4C-68CA83143DC4}.AppStore|iPhone.Build.0 = AppStore|iPhone
		{F43D94D8-FA56-4D85-BA4C-68CA83143DC4}.AppStore|iPhoneSimulator.ActiveCfg = AppStore|iPhoneSimulator
		{F43D94D8-FA56-4D85-BA4C-68CA83143DC4}.AppStore|iPhoneSimulator.Build.0 = AppStore|iPhoneSimulator
		{F43D94D8-FA56-4D85-BA4C-68CA83143DC4}.AppStore|x64.ActiveCfg = AppStore|iPhone
		{F43D94D8-FA56-4D85-BA4C-68CA83143DC4}.AppStore|x86.ActiveCfg = AppStore|iPhone
		{F43D94D8-FA56-4D85-BA4C-68CA83143DC4}.Debug|Any CPU.ActiveCfg = Debug|iPhone
		{F43D94D8-FA56-4D85-BA4C-68CA83143DC4}.Debug|ARM.ActiveCfg = Debug|iPhone
		{F43D94D8-FA56-4D85-BA4C-68CA83143DC4}.Debug|iPhone.ActiveCfg = Debug|iPhone
		{F43D94D8-FA56-4D85-BA4C-68CA83143DC4}.Debug|iPhone.Build.0 = Debug|iPhone
		{F43D94D8-FA56-4D85-BA4C-68CA83143DC4}.Debug|iPhoneSimulator.ActiveCfg = Debug|iPhoneSimulator
		{F43D94D8-FA56-4D85-BA4C-68CA83143DC4}.Debug|iPhoneSimulator.Build.0 = Debug|iPhoneSimulator
		{F43D94D8-FA56-4D85-BA4C-68CA83143DC4}.Debug|x64.ActiveCfg = Debug|iPhone
		{F43D94D8-FA56-4D85-BA4C-68CA83143DC4}.Debug|x86.ActiveCfg = Debug|iPhone
		{F43D94D8-FA56-4D85-BA4C-68CA83143DC4}.Dist-Android|Any CPU.ActiveCfg = Dist-Android|iPhone
		{F43D94D8-FA56-4D85-BA4C-68CA83143DC4}.Dist-Android|ARM.ActiveCfg = Dist-Android|iPhone
		{F43D94D8-FA56-4D85-BA4C-68CA83143DC4}.Dist-Android|iPhone.ActiveCfg = Dist-Android|iPhone
		{F43D94D8-FA56-4D85-BA4C-68CA83143DC4}.Dist-Android|iPhoneSimulator.ActiveCfg = Dist-Android|iPhoneSimulator
		{F43D94D8-FA56-4D85-BA4C-68CA83143DC4}.Dist-Android|x64.ActiveCfg = Dist-Android|iPhone
		{F43D94D8-FA56-4D85-BA4C-68CA83143DC4}.Dist-Android|x86.ActiveCfg = Dist-Android|iPhone
		{F43D94D8-FA56-4D85-BA4C-68CA83143DC4}.Dist-iOS|Any CPU.ActiveCfg = Dist-iOS|iPhoneSimulator
		{F43D94D8-FA56-4D85-BA4C-68CA83143DC4}.Dist-iOS|ARM.ActiveCfg = Dist-iOS|iPhoneSimulator
		{F43D94D8-FA56-4D85-BA4C-68CA83143DC4}.Dist-iOS|iPhone.ActiveCfg = Dist-iOS|iPhone
		{F43D94D8-FA56-4D85-BA4C-68CA83143DC4}.Dist-iOS|iPhone.Build.0 = Dist-iOS|iPhone
		{F43D94D8-FA56-4D85-BA4C-68CA83143DC4}.Dist-iOS|iPhoneSimulator.ActiveCfg = Dist-iOS|iPhoneSimulator
		{F43D94D8-FA56-4D85-BA4C-68CA83143DC4}.Dist-iOS|iPhoneSimulator.Build.0 = Dist-iOS|iPhoneSimulator
		{F43D94D8-FA56-4D85-BA4C-68CA83143DC4}.Dist-iOS|x64.ActiveCfg = Dist-iOS|iPhoneSimulator
		{F43D94D8-FA56-4D85-BA4C-68CA83143DC4}.Dist-iOS|x86.ActiveCfg = Dist-iOS|iPhoneSimulator
		{F43D94D8-FA56-4D85-BA4C-68CA83143DC4}.Dist-UWP|Any CPU.ActiveCfg = Dist-UWP|iPhone
		{F43D94D8-FA56-4D85-BA4C-68CA83143DC4}.Dist-UWP|ARM.ActiveCfg = Dist-UWP|iPhone
		{F43D94D8-FA56-4D85-BA4C-68CA83143DC4}.Dist-UWP|iPhone.ActiveCfg = Dist-UWP|iPhone
		{F43D94D8-FA56-4D85-BA4C-68CA83143DC4}.Dist-UWP|iPhoneSimulator.ActiveCfg = Dist-UWP|iPhoneSimulator
		{F43D94D8-FA56-4D85-BA4C-68CA83143DC4}.Dist-UWP|x64.ActiveCfg = Dist-UWP|iPhone
		{F43D94D8-FA56-4D85-BA4C-68CA83143DC4}.Dist-UWP|x86.ActiveCfg = Dist-UWP|iPhone
		{F43D94D8-FA56-4D85-BA4C-68CA83143DC4}.Release|Any CPU.ActiveCfg = Release|iPhone
		{F43D94D8-FA56-4D85-BA4C-68CA83143DC4}.Release|ARM.ActiveCfg = Release|iPhone
		{F43D94D8-FA56-4D85-BA4C-68CA83143DC4}.Release|iPhone.ActiveCfg = Release|iPhone
		{F43D94D8-FA56-4D85-BA4C-68CA83143DC4}.Release|iPhone.Build.0 = Release|iPhone
		{F43D94D8-FA56-4D85-BA4C-68CA83143DC4}.Release|iPhoneSimulator.ActiveCfg = Release|iPhoneSimulator
		{F43D94D8-FA56-4D85-BA4C-68CA83143DC4}.Release|iPhoneSimulator.Build.0 = Release|iPhoneSimulator
		{F43D94D8-FA56-4D85-BA4C-68CA83143DC4}.Release|x64.ActiveCfg = Release|iPhone
		{F43D94D8-FA56-4D85-BA4C-68CA83143DC4}.Release|x86.ActiveCfg = Release|iPhone
		{F49FB246-4F12-4393-AD47-629855425311}.Ad-Hoc|Any CPU.ActiveCfg = Release|x86
		{F49FB246-4F12-4393-AD47-629855425311}.Ad-Hoc|Any CPU.Build.0 = Release|x86
		{F49FB246-4F12-4393-AD47-629855425311}.Ad-Hoc|Any CPU.Deploy.0 = Release|x86
		{F49FB246-4F12-4393-AD47-629855425311}.Ad-Hoc|ARM.ActiveCfg = Release|ARM
		{F49FB246-4F12-4393-AD47-629855425311}.Ad-Hoc|ARM.Build.0 = Release|ARM
		{F49FB246-4F12-4393-AD47-629855425311}.Ad-Hoc|ARM.Deploy.0 = Release|ARM
		{F49FB246-4F12-4393-AD47-629855425311}.Ad-Hoc|iPhone.ActiveCfg = Release|x86
		{F49FB246-4F12-4393-AD47-629855425311}.Ad-Hoc|iPhone.Build.0 = Release|x86
		{F49FB246-4F12-4393-AD47-629855425311}.Ad-Hoc|iPhone.Deploy.0 = Release|x86
		{F49FB246-4F12-4393-AD47-629855425311}.Ad-Hoc|iPhoneSimulator.ActiveCfg = Release|x86
		{F49FB246-4F12-4393-AD47-629855425311}.Ad-Hoc|iPhoneSimulator.Build.0 = Release|x86
		{F49FB246-4F12-4393-AD47-629855425311}.Ad-Hoc|iPhoneSimulator.Deploy.0 = Release|x86
		{F49FB246-4F12-4393-AD47-629855425311}.Ad-Hoc|x64.ActiveCfg = Release|x64
		{F49FB246-4F12-4393-AD47-629855425311}.Ad-Hoc|x64.Build.0 = Release|x64
		{F49FB246-4F12-4393-AD47-629855425311}.Ad-Hoc|x64.Deploy.0 = Release|x64
		{F49FB246-4F12-4393-AD47-629855425311}.Ad-Hoc|x86.ActiveCfg = Release|x86
		{F49FB246-4F12-4393-AD47-629855425311}.Ad-Hoc|x86.Build.0 = Release|x86
		{F49FB246-4F12-4393-AD47-629855425311}.Ad-Hoc|x86.Deploy.0 = Release|x86
		{F49FB246-4F12-4393-AD47-629855425311}.AppStore|Any CPU.ActiveCfg = Release|x86
		{F49FB246-4F12-4393-AD47-629855425311}.AppStore|Any CPU.Build.0 = Release|x86
		{F49FB246-4F12-4393-AD47-629855425311}.AppStore|Any CPU.Deploy.0 = Release|x86
		{F49FB246-4F12-4393-AD47-629855425311}.AppStore|ARM.ActiveCfg = Release|ARM
		{F49FB246-4F12-4393-AD47-629855425311}.AppStore|ARM.Build.0 = Release|ARM
		{F49FB246-4F12-4393-AD47-629855425311}.AppStore|ARM.Deploy.0 = Release|ARM
		{F49FB246-4F12-4393-AD47-629855425311}.AppStore|iPhone.ActiveCfg = Release|x86
		{F49FB246-4F12-4393-AD47-629855425311}.AppStore|iPhone.Build.0 = Release|x86
		{F49FB246-4F12-4393-AD47-629855425311}.AppStore|iPhone.Deploy.0 = Release|x86
		{F49FB246-4F12-4393-AD47-629855425311}.AppStore|iPhoneSimulator.ActiveCfg = Release|x86
		{F49FB246-4F12-4393-AD47-629855425311}.AppStore|iPhoneSimulator.Build.0 = Release|x86
		{F49FB246-4F12-4393-AD47-629855425311}.AppStore|iPhoneSimulator.Deploy.0 = Release|x86
		{F49FB246-4F12-4393-AD47-629855425311}.AppStore|x64.ActiveCfg = Release|x64
		{F49FB246-4F12-4393-AD47-629855425311}.AppStore|x64.Build.0 = Release|x64
		{F49FB246-4F12-4393-AD47-629855425311}.AppStore|x64.Deploy.0 = Release|x64
		{F49FB246-4F12-4393-AD47-629855425311}.AppStore|x86.ActiveCfg = Release|x86
		{F49FB246-4F12-4393-AD47-629855425311}.AppStore|x86.Build.0 = Release|x86
		{F49FB246-4F12-4393-AD47-629855425311}.AppStore|x86.Deploy.0 = Release|x86
		{F49FB246-4F12-4393-AD47-629855425311}.Debug|Any CPU.ActiveCfg = Debug|x86
		{F49FB246-4F12-4393-AD47-629855425311}.Debug|ARM.ActiveCfg = Debug|ARM
		{F49FB246-4F12-4393-AD47-629855425311}.Debug|ARM.Build.0 = Debug|ARM
		{F49FB246-4F12-4393-AD47-629855425311}.Debug|ARM.Deploy.0 = Debug|ARM
		{F49FB246-4F12-4393-AD47-629855425311}.Debug|iPhone.ActiveCfg = Debug|x86
		{F49FB246-4F12-4393-AD47-629855425311}.Debug|iPhoneSimulator.ActiveCfg = Debug|x86
		{F49FB246-4F12-4393-AD47-629855425311}.Debug|x64.ActiveCfg = Debug|x64
		{F49FB246-4F12-4393-AD47-629855425311}.Debug|x64.Build.0 = Debug|x64
		{F49FB246-4F12-4393-AD47-629855425311}.Debug|x64.Deploy.0 = Debug|x64
		{F49FB246-4F12-4393-AD47-629855425311}.Debug|x86.ActiveCfg = Debug|x86
		{F49FB246-4F12-4393-AD47-629855425311}.Debug|x86.Build.0 = Debug|x86
		{F49FB246-4F12-4393-AD47-629855425311}.Debug|x86.Deploy.0 = Debug|x86
		{F49FB246-4F12-4393-AD47-629855425311}.Dist-Android|Any CPU.ActiveCfg = Dist-Android|x86
		{F49FB246-4F12-4393-AD47-629855425311}.Dist-Android|ARM.ActiveCfg = Dist-Android|ARM
		{F49FB246-4F12-4393-AD47-629855425311}.Dist-Android|ARM.Build.0 = Dist-Android|ARM
		{F49FB246-4F12-4393-AD47-629855425311}.Dist-Android|ARM.Deploy.0 = Dist-Android|ARM
		{F49FB246-4F12-4393-AD47-629855425311}.Dist-Android|iPhone.ActiveCfg = Dist-Android|x86
		{F49FB246-4F12-4393-AD47-629855425311}.Dist-Android|iPhoneSimulator.ActiveCfg = Dist-Android|x86
		{F49FB246-4F12-4393-AD47-629855425311}.Dist-Android|x64.ActiveCfg = Dist-Android|x64
		{F49FB246-4F12-4393-AD47-629855425311}.Dist-Android|x64.Build.0 = Dist-Android|x64
		{F49FB246-4F12-4393-AD47-629855425311}.Dist-Android|x64.Deploy.0 = Dist-Android|x64
		{F49FB246-4F12-4393-AD47-629855425311}.Dist-Android|x86.ActiveCfg = Dist-Android|x86
		{F49FB246-4F12-4393-AD47-629855425311}.Dist-Android|x86.Build.0 = Dist-Android|x86
		{F49FB246-4F12-4393-AD47-629855425311}.Dist-Android|x86.Deploy.0 = Dist-Android|x86
		{F49FB246-4F12-4393-AD47-629855425311}.Dist-iOS|Any CPU.ActiveCfg = Dist-iOS|x86
		{F49FB246-4F12-4393-AD47-629855425311}.Dist-iOS|ARM.ActiveCfg = Dist-iOS|ARM
		{F49FB246-4F12-4393-AD47-629855425311}.Dist-iOS|ARM.Deploy.0 = Dist-iOS|ARM
		{F49FB246-4F12-4393-AD47-629855425311}.Dist-iOS|iPhone.ActiveCfg = Dist-iOS|x86
		{F49FB246-4F12-4393-AD47-629855425311}.Dist-iOS|iPhoneSimulator.ActiveCfg = Dist-iOS|x86
		{F49FB246-4F12-4393-AD47-629855425311}.Dist-iOS|x64.ActiveCfg = Dist-iOS|x64
		{F49FB246-4F12-4393-AD47-629855425311}.Dist-iOS|x64.Deploy.0 = Dist-iOS|x64
		{F49FB246-4F12-4393-AD47-629855425311}.Dist-iOS|x86.ActiveCfg = Dist-iOS|x86
		{F49FB246-4F12-4393-AD47-629855425311}.Dist-iOS|x86.Deploy.0 = Dist-iOS|x86
		{F49FB246-4F12-4393-AD47-629855425311}.Dist-UWP|Any CPU.ActiveCfg = Dist-UWP|x86
		{F49FB246-4F12-4393-AD47-629855425311}.Dist-UWP|Any CPU.Build.0 = Dist-UWP|x86
		{F49FB246-4F12-4393-AD47-629855425311}.Dist-UWP|Any CPU.Deploy.0 = Dist-UWP|x86
		{F49FB246-4F12-4393-AD47-629855425311}.Dist-UWP|ARM.ActiveCfg = Dist-UWP|ARM
		{F49FB246-4F12-4393-AD47-629855425311}.Dist-UWP|ARM.Build.0 = Dist-UWP|ARM
		{F49FB246-4F12-4393-AD47-629855425311}.Dist-UWP|ARM.Deploy.0 = Dist-UWP|ARM
		{F49FB246-4F12-4393-AD47-629855425311}.Dist-UWP|iPhone.ActiveCfg = Dist-UWP|x86
		{F49FB246-4F12-4393-AD47-629855425311}.Dist-UWP|iPhoneSimulator.ActiveCfg = Dist-UWP|x86
		{F49FB246-4F12-4393-AD47-629855425311}.Dist-UWP|x64.ActiveCfg = Dist-UWP|x64
		{F49FB246-4F12-4393-AD47-629855425311}.Dist-UWP|x64.Build.0 = Dist-UWP|x64
		{F49FB246-4F12-4393-AD47-629855425311}.Dist-UWP|x64.Deploy.0 = Dist-UWP|x64
		{F49FB246-4F12-4393-AD47-629855425311}.Dist-UWP|x86.ActiveCfg = Dist-UWP|x86
		{F49FB246-4F12-4393-AD47-629855425311}.Dist-UWP|x86.Build.0 = Dist-UWP|x86
		{F49FB246-4F12-4393-AD47-629855425311}.Dist-UWP|x86.Deploy.0 = Dist-UWP|x86
		{F49FB246-4F12-4393-AD47-629855425311}.Release|Any CPU.ActiveCfg = Release|x86
		{F49FB246-4F12-4393-AD47-629855425311}.Release|ARM.ActiveCfg = Release|ARM
		{F49FB246-4F12-4393-AD47-629855425311}.Release|ARM.Build.0 = Release|ARM
		{F49FB246-4F12-4393-AD47-629855425311}.Release|ARM.Deploy.0 = Release|ARM
		{F49FB246-4F12-4393-AD47-629855425311}.Release|iPhone.ActiveCfg = Release|x86
		{F49FB246-4F12-4393-AD47-629855425311}.Release|iPhoneSimulator.ActiveCfg = Release|x86
		{F49FB246-4F12-4393-AD47-629855425311}.Release|x64.ActiveCfg = Release|x64
		{F49FB246-4F12-4393-AD47-629855425311}.Release|x64.Build.0 = Release|x64
		{F49FB246-4F12-4393-AD47-629855425311}.Release|x64.Deploy.0 = Release|x64
		{F49FB246-4F12-4393-AD47-629855425311}.Release|x86.ActiveCfg = Release|x86
		{F49FB246-4F12-4393-AD47-629855425311}.Release|x86.Build.0 = Release|x86
		{F49FB246-4F12-4393-AD47-629855425311}.Release|x86.Deploy.0 = Release|x86
	EndGlobalSection
	GlobalSection(SolutionProperties) = preSolution
		HideSolutionNode = FALSE
	EndGlobalSection
EndGlobal
